
Microsoft Visual Studio Solution File, Format Version 12.00
# Visual Studio 15
VisualStudioVersion = 15.0.28010.2050
MinimumVisualStudioVersion = 10.0.40219.1
Project("{FAE04EC0-301F-11D3-BF4B-00C04F79EFBC}") = "Chatty-Client", "Chatty-Client\Chatty-Client.csproj", "{DDADE319-94BE-491A-B2C7-55C249C279C4}"
EndProject
Project("{FAE04EC0-301F-11D3-BF4B-00C04F79EFBC}") = "Chatty-Server", "Chatty-Server\Chatty-Server.csproj", "{C0D64859-B02A-45E7-A486-B45FE1928912}"
EndProject
Project("{FAE04EC0-301F-11D3-BF4B-00C04F79EFBC}") = "Chatty-UI", "Chatty-UI\Chatty-UI.csproj", "{DCBEC2D4-4A97-4A0C-A5A4-7ED9BD50B676}"
EndProject
Global
	GlobalSection(SolutionConfigurationPlatforms) = preSolution
		Debug|Any CPU = Debug|Any CPU
		Release|Any CPU = Release|Any CPU
	EndGlobalSection
	GlobalSection(ProjectConfigurationPlatforms) = postSolution
		{DDADE319-94BE-491A-B2C7-55C249C279C4}.Debug|Any CPU.ActiveCfg = Debug|Any CPU
		{DDADE319-94BE-491A-B2C7-55C249C279C4}.Debug|Any CPU.Build.0 = Debug|Any CPU
		{DDADE319-94BE-491A-B2C7-55C249C279C4}.Release|Any CPU.ActiveCfg = Release|Any CPU
		{DDADE319-94BE-491A-B2C7-55C249C279C4}.Release|Any CPU.Build.0 = Release|Any CPU
		{C0D64859-B02A-45E7-A486-B45FE1928912}.Debug|Any CPU.ActiveCfg = Debug|Any CPU
		{C0D64859-B02A-45E7-A486-B45FE1928912}.Debug|Any CPU.Build.0 = Debug|Any CPU
		{C0D64859-B02A-45E7-A486-B45FE1928912}.Release|Any CPU.ActiveCfg = Release|Any CPU
		{C0D64859-B02A-45E7-A486-B45FE1928912}.Release|Any CPU.Build.0 = Release|Any CPU
		{DCBEC2D4-4A97-4A0C-A5A4-7ED9BD50B676}.Debug|Any CPU.ActiveCfg = Debug|Any CPU
		{DCBEC2D4-4A97-4A0C-A5A4-7ED9BD50B676}.Debug|Any CPU.Build.0 = Debug|Any CPU
		{DCBEC2D4-4A97-4A0C-A5A4-7ED9BD50B676}.Release|Any CPU.ActiveCfg = Release|Any CPU
		{DCBEC2D4-4A97-4A0C-A5A4-7ED9BD50B676}.Release|Any CPU.Build.0 = Release|Any CPU
	EndGlobalSection
	GlobalSection(SolutionProperties) = preSolution
		HideSolutionNode = FALSE
	EndGlobalSection
	GlobalSection(ExtensibilityGlobals) = postSolution
		SolutionGuid = {E93AE49C-BC1C-43E3-981A-852879D96921}
	EndGlobalSection
EndGlobal
